
Microsoft Visual Studio Solution File, Format Version 12.00
# Visual Studio Version 17
VisualStudioVersion = 17.3.32929.385
MinimumVisualStudioVersion = 10.0.40219.1
Project("{FAE04EC0-301F-11D3-BF4B-00C04F79EFBC}") = "IMD0180BlazorFront", "IMD0180BlazorFront\IMD0180BlazorFront.csproj", "{C088690D-9F86-43CD-9C3A-CBEE12A85842}"
EndProject
Global
	GlobalSection(SolutionConfigurationPlatforms) = preSolution
		Debug|Any CPU = Debug|Any CPU
		Release|Any CPU = Release|Any CPU
	EndGlobalSection
	GlobalSection(ProjectConfigurationPlatforms) = postSolution
		{C088690D-9F86-43CD-9C3A-CBEE12A85842}.Debug|Any CPU.ActiveCfg = Debug|Any CPU
		{C088690D-9F86-43CD-9C3A-CBEE12A85842}.Debug|Any CPU.Build.0 = Debug|Any CPU
		{C088690D-9F86-43CD-9C3A-CBEE12A85842}.Release|Any CPU.ActiveCfg = Release|Any CPU
		{C088690D-9F86-43CD-9C3A-CBEE12A85842}.Release|Any CPU.Build.0 = Release|Any CPU
	EndGlobalSection
	GlobalSection(SolutionProperties) = preSolution
		HideSolutionNode = FALSE
	EndGlobalSection
	GlobalSection(ExtensibilityGlobals) = postSolution
		SolutionGuid = {B60E2A17-E8BF-49C3-835C-225C006E96E1}
	EndGlobalSection
EndGlobal
